// !$*UTF8*$!
{
	archiveVersion = 1;
	classes = {
	};
	objectVersion = 56;
	objects = {
		13B07FB71A68108700A75B9A /* Debug */ = {
			isa = XCBuildConfiguration;
			buildSettings = {
				INFOPLIST_KEY_CFBundleDisplayName = "My App";
				PRODUCT_BUNDLE_IDENTIFIER = com.example.myapp;
				PRODUCT_NAME = "$(TARGET_NAME)";
			};
			name = Debug;
		};
		13B07FB81A68108700A75B9A /* Release */ = {
			isa = XCBuildConfiguration;
			buildSettings = {
				INFOPLIST_KEY_CFBundleDisplayName = "My App";
				PRODUCT_BUNDLE_IDENTIFIER = com.example.myapp;
				PRODUCT_NAME = "$(TARGET_NAME)";
			};
			name = Release;
		};
		A1B2C3D4 /* Debug */ = {
			isa = XCBuildConfiguration;
			buildSettings = {
				PRODUCT_BUNDLE_IDENTIFIER = com.example.myapp;
				PRODUCT_NAME = "$(TARGET_NAME)";
			};
			name = Debug;
		};
		A1B2C3D5 /* Release */ = {
			isa = XCBuildConfiguration;
			buildSettings = {
				PRODUCT_BUNDLE_IDENTIFIER = com.example.myapp;
				PRODUCT_NAME = "$(TARGET_NAME)";
			};
			name = Release;
		};
	};
}
